{
  "name": "@snowlepoard520/init",
  "version": "1.0.0",
  "lockfileVersion": 2,
  "requires": true,
  "packages": {
    "": {
      "name": "@snowlepoard520/init",
      "version": "1.0.0",
      "license": "ISC",
      "dependencies": {
        "@snowlepoard520/command": "file:../../models/command",
        "@snowlepoard520/log": "file:../../utils/log"
      }
    },
    "../../models/command": {
      "name": "@snowlepoard520/command",
      "version": "1.0.6",
      "license": "ISC",
      "dependencies": {
        "@snowlepoard520/log": "file:../../utils/log",
        "@snowlepoard520/utils": "file:../../utils/utils",
        "colors": "^1.4.0",
        "semver": "^7.3.7"
      }
    },
    "../../utils/log": {
      "version": "1.0.6",
      "license": "ISC"
    },
    "node_modules/@snowlepoard520/command": {
      "resolved": "../../models/command",
      "link": true
    },
    "node_modules/@snowlepoard520/log": {
      "resolved": "../../utils/log",
      "link": true
    }
  },
  "dependencies": {
    "@snowlepoard520/command": {
      "version": "file:../../models/command",
      "requires": {
        "@snowlepoard520/log": "file:../../utils/log",
        "@snowlepoard520/utils": "file:../../utils/utils",
        "colors": "^1.4.0",
        "semver": "^7.3.7"
      }
    },
    "@snowlepoard520/log": {
      "version": "file:../../utils/log"
    }
  }
}
