{
  "name": "@snowlepoard520/exec",
  "version": "1.0.0",
  "lockfileVersion": 2,
  "requires": true,
  "packages": {
    "": {
      "name": "@snowlepoard520/exec",
      "version": "1.0.0",
      "license": "ISC",
      "dependencies": {
        "@snowlepoard520/log": "file:../../utils/log",
        "@snowlepoard520/package": "file:../../models/package"
      }
    },
    "../../models/package": {
      "name": "@snowlepoard520/package",
      "version": "1.0.6",
      "license": "ISC"
    },
    "../../utils/log": {
      "version": "1.0.6",
      "license": "ISC"
    },
    "node_modules/@snowlepoard520/log": {
      "resolved": "../../utils/log",
      "link": true
    },
    "node_modules/@snowlepoard520/package": {
      "resolved": "../../models/package",
      "link": true
    }
  },
  "dependencies": {
    "@snowlepoard520/log": {
      "version": "file:../../utils/log"
    },
    "@snowlepoard520/package": {
      "version": "file:../../models/package"
    }
  }
}
